
Microsoft Visual Studio Solution File, Format Version 12.00
# Visual Studio 14
VisualStudioVersion = 14.0.23107.0
MinimumVisualStudioVersion = 10.0.40219.1
Project("{2150E333-8FDC-42A3-9474-1A3956D46DE8}") = "Windows Universal", "Windows Universal", "{18D9F996-ED01-420A-B3AE-890C6ACF9FFC}"
EndProject
Project("{2150E333-8FDC-42A3-9474-1A3956D46DE8}") = "Client", "Client", "{7650F8D6-78AC-491E-BF04-1B1C9472CC22}"
EndProject
Project("{2150E333-8FDC-42A3-9474-1A3956D46DE8}") = "Windows", "Windows", "{32647048-F3E1-416F-A975-C989520282D9}"
EndProject
Project("{2150E333-8FDC-42A3-9474-1A3956D46DE8}") = "Web", "Web", "{839D7671-CD85-4083-8F69-F026BDED7EF3}"
EndProject
Project("{FAE04EC0-301F-11D3-BF4B-00C04F79EFBC}") = "DestinyPCL", "DestinyPCL\DestinyPCL.csproj", "{731C27FF-E7B0-4B1A-A6AD-354F652B38C8}"
EndProject
Project("{FAE04EC0-301F-11D3-BF4B-00C04F79EFBC}") = "API.tests", "DestinyPCL.tests\API.tests.csproj", "{07FB75D7-4D28-40E2-8BF3-1EE497C2DD2A}"
EndProject
Project("{2150E333-8FDC-42A3-9474-1A3956D46DE8}") = "Examples", "Examples", "{28E8B3FD-12B8-46B0-A12B-A0EF303A7667}"
EndProject
Project("{FAE04EC0-301F-11D3-BF4B-00C04F79EFBC}") = "ConsoleTests", "Examples\ConsoleTests\ConsoleTests.csproj", "{B2321C42-D822-4960-9AC6-025CC90AAD17}"
EndProject
Project("{FAE04EC0-301F-11D3-BF4B-00C04F79EFBC}") = "DestinyWeaponExplorer", "Examples\DestinyWeaponExplorer\DestinyWeaponExplorer.csproj", "{0BA6418C-18DE-4070-9CB9-0AC1470A2643}"
EndProject
Project("{FAE04EC0-301F-11D3-BF4B-00C04F79EFBC}") = "JPDestiny", "Examples\JPDestiny\JPDestiny.csproj", "{79B8F52F-6072-44BF-B102-B5398EE4AB6D}"
EndProject
Project("{2150E333-8FDC-42A3-9474-1A3956D46DE8}") = "Solution Files", "Solution Files", "{DA29EB23-5A17-4F5C-967F-8B9A6C943E04}"
	ProjectSection(SolutionItems) = preProject
		appveyor.yml = appveyor.yml
		MainApi.Tests.playlist = MainApi.Tests.playlist
		Manifest.Tests.playlist = Manifest.Tests.playlist
		OfflineManifest.Manifest.Tests.playlist = OfflineManifest.Manifest.Tests.playlist
		OnlineManifest.Manifest.Tests.playlist = OnlineManifest.Manifest.Tests.playlist
		README.md = README.md
	EndProjectSection
EndProject
Global
	GlobalSection(SolutionConfigurationPlatforms) = preSolution
		Debug|Any CPU = Debug|Any CPU
		Debug|ARM = Debug|ARM
		Debug|x64 = Debug|x64
		Debug|x86 = Debug|x86
		Release|Any CPU = Release|Any CPU
		Release|ARM = Release|ARM
		Release|x64 = Release|x64
		Release|x86 = Release|x86
	EndGlobalSection
	GlobalSection(ProjectConfigurationPlatforms) = postSolution
		{731C27FF-E7B0-4B1A-A6AD-354F652B38C8}.Debug|Any CPU.ActiveCfg = Debug|Any CPU
		{731C27FF-E7B0-4B1A-A6AD-354F652B38C8}.Debug|Any CPU.Build.0 = Debug|Any CPU
		{731C27FF-E7B0-4B1A-A6AD-354F652B38C8}.Debug|ARM.ActiveCfg = Debug|Any CPU
		{731C27FF-E7B0-4B1A-A6AD-354F652B38C8}.Debug|ARM.Build.0 = Debug|Any CPU
		{731C27FF-E7B0-4B1A-A6AD-354F652B38C8}.Debug|x64.ActiveCfg = Debug|Any CPU
		{731C27FF-E7B0-4B1A-A6AD-354F652B38C8}.Debug|x64.Build.0 = Debug|Any CPU
		{731C27FF-E7B0-4B1A-A6AD-354F652B38C8}.Debug|x86.ActiveCfg = Debug|Any CPU
		{731C27FF-E7B0-4B1A-A6AD-354F652B38C8}.Debug|x86.Build.0 = Debug|Any CPU
		{731C27FF-E7B0-4B1A-A6AD-354F652B38C8}.Release|Any CPU.ActiveCfg = Release|Any CPU
		{731C27FF-E7B0-4B1A-A6AD-354F652B38C8}.Release|Any CPU.Build.0 = Release|Any CPU
		{731C27FF-E7B0-4B1A-A6AD-354F652B38C8}.Release|ARM.ActiveCfg = Release|Any CPU
		{731C27FF-E7B0-4B1A-A6AD-354F652B38C8}.Release|ARM.Build.0 = Release|Any CPU
		{731C27FF-E7B0-4B1A-A6AD-354F652B38C8}.Release|x64.ActiveCfg = Release|Any CPU
		{731C27FF-E7B0-4B1A-A6AD-354F652B38C8}.Release|x64.Build.0 = Release|Any CPU
		{731C27FF-E7B0-4B1A-A6AD-354F652B38C8}.Release|x86.ActiveCfg = Release|Any CPU
		{731C27FF-E7B0-4B1A-A6AD-354F652B38C8}.Release|x86.Build.0 = Release|Any CPU
		{07FB75D7-4D28-40E2-8BF3-1EE497C2DD2A}.Debug|Any CPU.ActiveCfg = Debug|Any CPU
		{07FB75D7-4D28-40E2-8BF3-1EE497C2DD2A}.Debug|Any CPU.Build.0 = Debug|Any CPU
		{07FB75D7-4D28-40E2-8BF3-1EE497C2DD2A}.Debug|ARM.ActiveCfg = Debug|Any CPU
		{07FB75D7-4D28-40E2-8BF3-1EE497C2DD2A}.Debug|ARM.Build.0 = Debug|Any CPU
		{07FB75D7-4D28-40E2-8BF3-1EE497C2DD2A}.Debug|x64.ActiveCfg = Debug|Any CPU
		{07FB75D7-4D28-40E2-8BF3-1EE497C2DD2A}.Debug|x64.Build.0 = Debug|Any CPU
		{07FB75D7-4D28-40E2-8BF3-1EE497C2DD2A}.Debug|x86.ActiveCfg = Debug|Any CPU
		{07FB75D7-4D28-40E2-8BF3-1EE497C2DD2A}.Debug|x86.Build.0 = Debug|Any CPU
		{07FB75D7-4D28-40E2-8BF3-1EE497C2DD2A}.Release|Any CPU.ActiveCfg = Release|Any CPU
		{07FB75D7-4D28-40E2-8BF3-1EE497C2DD2A}.Release|Any CPU.Build.0 = Release|Any CPU
		{07FB75D7-4D28-40E2-8BF3-1EE497C2DD2A}.Release|ARM.ActiveCfg = Release|Any CPU
		{07FB75D7-4D28-40E2-8BF3-1EE497C2DD2A}.Release|ARM.Build.0 = Release|Any CPU
		{07FB75D7-4D28-40E2-8BF3-1EE497C2DD2A}.Release|x64.ActiveCfg = Release|Any CPU
		{07FB75D7-4D28-40E2-8BF3-1EE497C2DD2A}.Release|x64.Build.0 = Release|Any CPU
		{07FB75D7-4D28-40E2-8BF3-1EE497C2DD2A}.Release|x86.ActiveCfg = Release|Any CPU
		{07FB75D7-4D28-40E2-8BF3-1EE497C2DD2A}.Release|x86.Build.0 = Release|Any CPU
		{B2321C42-D822-4960-9AC6-025CC90AAD17}.Debug|Any CPU.ActiveCfg = Debug|Any CPU
		{B2321C42-D822-4960-9AC6-025CC90AAD17}.Debug|Any CPU.Build.0 = Debug|Any CPU
		{B2321C42-D822-4960-9AC6-025CC90AAD17}.Debug|ARM.ActiveCfg = Debug|Any CPU
		{B2321C42-D822-4960-9AC6-025CC90AAD17}.Debug|ARM.Build.0 = Debug|Any CPU
		{B2321C42-D822-4960-9AC6-025CC90AAD17}.Debug|x64.ActiveCfg = Debug|x64
		{B2321C42-D822-4960-9AC6-025CC90AAD17}.Debug|x64.Build.0 = Debug|x64
		{B2321C42-D822-4960-9AC6-025CC90AAD17}.Debug|x86.ActiveCfg = Debug|Any CPU
		{B2321C42-D822-4960-9AC6-025CC90AAD17}.Debug|x86.Build.0 = Debug|Any CPU
		{B2321C42-D822-4960-9AC6-025CC90AAD17}.Release|Any CPU.ActiveCfg = Release|Any CPU
		{B2321C42-D822-4960-9AC6-025CC90AAD17}.Release|Any CPU.Build.0 = Release|Any CPU
		{B2321C42-D822-4960-9AC6-025CC90AAD17}.Release|ARM.ActiveCfg = Release|Any CPU
		{B2321C42-D822-4960-9AC6-025CC90AAD17}.Release|ARM.Build.0 = Release|Any CPU
		{B2321C42-D822-4960-9AC6-025CC90AAD17}.Release|x64.ActiveCfg = Release|x64
		{B2321C42-D822-4960-9AC6-025CC90AAD17}.Release|x64.Build.0 = Release|x64
		{B2321C42-D822-4960-9AC6-025CC90AAD17}.Release|x86.ActiveCfg = Release|Any CPU
		{B2321C42-D822-4960-9AC6-025CC90AAD17}.Release|x86.Build.0 = Release|Any CPU
		{0BA6418C-18DE-4070-9CB9-0AC1470A2643}.Debug|Any CPU.ActiveCfg = Debug|Any CPU
		{0BA6418C-18DE-4070-9CB9-0AC1470A2643}.Debug|Any CPU.Build.0 = Debug|Any CPU
		{0BA6418C-18DE-4070-9CB9-0AC1470A2643}.Debug|ARM.ActiveCfg = Debug|Any CPU
		{0BA6418C-18DE-4070-9CB9-0AC1470A2643}.Debug|ARM.Build.0 = Debug|Any CPU
		{0BA6418C-18DE-4070-9CB9-0AC1470A2643}.Debug|x64.ActiveCfg = Debug|Any CPU
		{0BA6418C-18DE-4070-9CB9-0AC1470A2643}.Debug|x64.Build.0 = Debug|Any CPU
		{0BA6418C-18DE-4070-9CB9-0AC1470A2643}.Debug|x86.ActiveCfg = Debug|Any CPU
		{0BA6418C-18DE-4070-9CB9-0AC1470A2643}.Debug|x86.Build.0 = Debug|Any CPU
		{0BA6418C-18DE-4070-9CB9-0AC1470A2643}.Release|Any CPU.ActiveCfg = Release|Any CPU
		{0BA6418C-18DE-4070-9CB9-0AC1470A2643}.Release|Any CPU.Build.0 = Release|Any CPU
		{0BA6418C-18DE-4070-9CB9-0AC1470A2643}.Release|ARM.ActiveCfg = Release|Any CPU
		{0BA6418C-18DE-4070-9CB9-0AC1470A2643}.Release|ARM.Build.0 = Release|Any CPU
		{0BA6418C-18DE-4070-9CB9-0AC1470A2643}.Release|x64.ActiveCfg = Release|Any CPU
		{0BA6418C-18DE-4070-9CB9-0AC1470A2643}.Release|x64.Build.0 = Release|Any CPU
		{0BA6418C-18DE-4070-9CB9-0AC1470A2643}.Release|x86.ActiveCfg = Release|Any CPU
		{0BA6418C-18DE-4070-9CB9-0AC1470A2643}.Release|x86.Build.0 = Release|Any CPU
		{79B8F52F-6072-44BF-B102-B5398EE4AB6D}.Debug|Any CPU.ActiveCfg = Debug|Any CPU
		{79B8F52F-6072-44BF-B102-B5398EE4AB6D}.Debug|Any CPU.Build.0 = Debug|Any CPU
		{79B8F52F-6072-44BF-B102-B5398EE4AB6D}.Debug|ARM.ActiveCfg = Debug|Any CPU
		{79B8F52F-6072-44BF-B102-B5398EE4AB6D}.Debug|ARM.Build.0 = Debug|Any CPU
		{79B8F52F-6072-44BF-B102-B5398EE4AB6D}.Debug|x64.ActiveCfg = Debug|Any CPU
		{79B8F52F-6072-44BF-B102-B5398EE4AB6D}.Debug|x64.Build.0 = Debug|Any CPU
		{79B8F52F-6072-44BF-B102-B5398EE4AB6D}.Debug|x86.ActiveCfg = Debug|Any CPU
		{79B8F52F-6072-44BF-B102-B5398EE4AB6D}.Debug|x86.Build.0 = Debug|Any CPU
		{79B8F52F-6072-44BF-B102-B5398EE4AB6D}.Release|Any CPU.ActiveCfg = Release|Any CPU
		{79B8F52F-6072-44BF-B102-B5398EE4AB6D}.Release|Any CPU.Build.0 = Release|Any CPU
		{79B8F52F-6072-44BF-B102-B5398EE4AB6D}.Release|ARM.ActiveCfg = Release|Any CPU
		{79B8F52F-6072-44BF-B102-B5398EE4AB6D}.Release|ARM.Build.0 = Release|Any CPU
		{79B8F52F-6072-44BF-B102-B5398EE4AB6D}.Release|x64.ActiveCfg = Release|Any CPU
		{79B8F52F-6072-44BF-B102-B5398EE4AB6D}.Release|x64.Build.0 = Release|Any CPU
		{79B8F52F-6072-44BF-B102-B5398EE4AB6D}.Release|x86.ActiveCfg = Release|Any CPU
		{79B8F52F-6072-44BF-B102-B5398EE4AB6D}.Release|x86.Build.0 = Release|Any CPU
	EndGlobalSection
	GlobalSection(SolutionProperties) = preSolution
		HideSolutionNode = FALSE
	EndGlobalSection
	GlobalSection(NestedProjects) = preSolution
		{18D9F996-ED01-420A-B3AE-890C6ACF9FFC} = {28E8B3FD-12B8-46B0-A12B-A0EF303A7667}
		{32647048-F3E1-416F-A975-C989520282D9} = {28E8B3FD-12B8-46B0-A12B-A0EF303A7667}
		{839D7671-CD85-4083-8F69-F026BDED7EF3} = {28E8B3FD-12B8-46B0-A12B-A0EF303A7667}
		{731C27FF-E7B0-4B1A-A6AD-354F652B38C8} = {7650F8D6-78AC-491E-BF04-1B1C9472CC22}
		{07FB75D7-4D28-40E2-8BF3-1EE497C2DD2A} = {7650F8D6-78AC-491E-BF04-1B1C9472CC22}
		{B2321C42-D822-4960-9AC6-025CC90AAD17} = {32647048-F3E1-416F-A975-C989520282D9}
		{0BA6418C-18DE-4070-9CB9-0AC1470A2643} = {32647048-F3E1-416F-A975-C989520282D9}
		{79B8F52F-6072-44BF-B102-B5398EE4AB6D} = {32647048-F3E1-416F-A975-C989520282D9}
	EndGlobalSection
EndGlobal
