
Microsoft Visual Studio Solution File, Format Version 12.00
# Visual Studio 14
VisualStudioVersion = 14.0.23107.0
MinimumVisualStudioVersion = 10.0.40219.1
Project("{FAE04EC0-301F-11D3-BF4B-00C04F79EFBC}") = "Deprecated_BaseDestinyAPI", "DestinyAPI\Deprecated_BaseDestinyAPI.csproj", "{BB87CAE1-5C9E-47AF-8C2D-E18D1A4F274B}"
EndProject
Project("{FAE04EC0-301F-11D3-BF4B-00C04F79EFBC}") = "ConsoleTests", "ConsoleTests\ConsoleTests.csproj", "{B2321C42-D822-4960-9AC6-025CC90AAD17}"
EndProject
Project("{FAE04EC0-301F-11D3-BF4B-00C04F79EFBC}") = "DestinyWeaponExplorer", "DestinyWeaponExplorer\DestinyWeaponExplorer.csproj", "{0BA6418C-18DE-4070-9CB9-0AC1470A2643}"
EndProject
Project("{2150E333-8FDC-42A3-9474-1A3956D46DE8}") = "Windows Universal", "Windows Universal", "{18D9F996-ED01-420A-B3AE-890C6ACF9FFC}"
EndProject
Project("{FAE04EC0-301F-11D3-BF4B-00C04F79EFBC}") = "DestinyApp", "DestinyApp\DestinyApp.csproj", "{8AECC36B-97D4-4671-A216-088A127814DA}"
EndProject
Project("{FAE04EC0-301F-11D3-BF4B-00C04F79EFBC}") = "Deprecated_DestinyAPI", "Universal\DestinyAPI\Deprecated_DestinyAPI.csproj", "{5815C78A-B820-4494-96AF-A1A033753824}"
EndProject
Project("{FAE04EC0-301F-11D3-BF4B-00C04F79EFBC}") = "Web.ManifestProcessing", "Web.ManifestProcessing\Web.ManifestProcessing.csproj", "{8CF05B8D-73D2-4FFE-8C77-8208265A3D74}"
EndProject
Project("{2150E333-8FDC-42A3-9474-1A3956D46DE8}") = "Portable", "Portable", "{7650F8D6-78AC-491E-BF04-1B1C9472CC22}"
EndProject
Project("{FAE04EC0-301F-11D3-BF4B-00C04F79EFBC}") = "Api", "Api\Api.csproj", "{731C27FF-E7B0-4B1A-A6AD-354F652B38C8}"
EndProject
Project("{FAE04EC0-301F-11D3-BF4B-00C04F79EFBC}") = "API.tests", "API.tests\API.tests.csproj", "{07FB75D7-4D28-40E2-8BF3-1EE497C2DD2A}"
EndProject
Project("{2150E333-8FDC-42A3-9474-1A3956D46DE8}") = "Windows", "Windows", "{32647048-F3E1-416F-A975-C989520282D9}"
EndProject
Project("{FAE04EC0-301F-11D3-BF4B-00C04F79EFBC}") = "App1Test", "App1Test\App1Test.csproj", "{A68803D0-E5D9-4C0A-B967-07015D465192}"
EndProject
Global
	GlobalSection(SolutionConfigurationPlatforms) = preSolution
		Debug|Any CPU = Debug|Any CPU
		Debug|ARM = Debug|ARM
		Debug|x64 = Debug|x64
		Debug|x86 = Debug|x86
		Release|Any CPU = Release|Any CPU
		Release|ARM = Release|ARM
		Release|x64 = Release|x64
		Release|x86 = Release|x86
	EndGlobalSection
	GlobalSection(ProjectConfigurationPlatforms) = postSolution
		{BB87CAE1-5C9E-47AF-8C2D-E18D1A4F274B}.Debug|Any CPU.ActiveCfg = Debug|Any CPU
		{BB87CAE1-5C9E-47AF-8C2D-E18D1A4F274B}.Debug|Any CPU.Build.0 = Debug|Any CPU
		{BB87CAE1-5C9E-47AF-8C2D-E18D1A4F274B}.Debug|ARM.ActiveCfg = Debug|Any CPU
		{BB87CAE1-5C9E-47AF-8C2D-E18D1A4F274B}.Debug|ARM.Build.0 = Debug|Any CPU
		{BB87CAE1-5C9E-47AF-8C2D-E18D1A4F274B}.Debug|x64.ActiveCfg = Debug|x64
		{BB87CAE1-5C9E-47AF-8C2D-E18D1A4F274B}.Debug|x64.Build.0 = Debug|x64
		{BB87CAE1-5C9E-47AF-8C2D-E18D1A4F274B}.Debug|x86.ActiveCfg = Debug|Any CPU
		{BB87CAE1-5C9E-47AF-8C2D-E18D1A4F274B}.Debug|x86.Build.0 = Debug|Any CPU
		{BB87CAE1-5C9E-47AF-8C2D-E18D1A4F274B}.Release|Any CPU.ActiveCfg = Release|Any CPU
		{BB87CAE1-5C9E-47AF-8C2D-E18D1A4F274B}.Release|Any CPU.Build.0 = Release|Any CPU
		{BB87CAE1-5C9E-47AF-8C2D-E18D1A4F274B}.Release|ARM.ActiveCfg = Release|Any CPU
		{BB87CAE1-5C9E-47AF-8C2D-E18D1A4F274B}.Release|ARM.Build.0 = Release|Any CPU
		{BB87CAE1-5C9E-47AF-8C2D-E18D1A4F274B}.Release|x64.ActiveCfg = Release|x64
		{BB87CAE1-5C9E-47AF-8C2D-E18D1A4F274B}.Release|x64.Build.0 = Release|x64
		{BB87CAE1-5C9E-47AF-8C2D-E18D1A4F274B}.Release|x86.ActiveCfg = Release|Any CPU
		{BB87CAE1-5C9E-47AF-8C2D-E18D1A4F274B}.Release|x86.Build.0 = Release|Any CPU
		{B2321C42-D822-4960-9AC6-025CC90AAD17}.Debug|Any CPU.ActiveCfg = Debug|Any CPU
		{B2321C42-D822-4960-9AC6-025CC90AAD17}.Debug|Any CPU.Build.0 = Debug|Any CPU
		{B2321C42-D822-4960-9AC6-025CC90AAD17}.Debug|ARM.ActiveCfg = Debug|Any CPU
		{B2321C42-D822-4960-9AC6-025CC90AAD17}.Debug|ARM.Build.0 = Debug|Any CPU
		{B2321C42-D822-4960-9AC6-025CC90AAD17}.Debug|x64.ActiveCfg = Debug|x64
		{B2321C42-D822-4960-9AC6-025CC90AAD17}.Debug|x64.Build.0 = Debug|x64
		{B2321C42-D822-4960-9AC6-025CC90AAD17}.Debug|x64.Deploy.0 = Debug|x64
		{B2321C42-D822-4960-9AC6-025CC90AAD17}.Debug|x86.ActiveCfg = Debug|Any CPU
		{B2321C42-D822-4960-9AC6-025CC90AAD17}.Debug|x86.Build.0 = Debug|Any CPU
		{B2321C42-D822-4960-9AC6-025CC90AAD17}.Release|Any CPU.ActiveCfg = Release|Any CPU
		{B2321C42-D822-4960-9AC6-025CC90AAD17}.Release|Any CPU.Build.0 = Release|Any CPU
		{B2321C42-D822-4960-9AC6-025CC90AAD17}.Release|ARM.ActiveCfg = Release|Any CPU
		{B2321C42-D822-4960-9AC6-025CC90AAD17}.Release|ARM.Build.0 = Release|Any CPU
		{B2321C42-D822-4960-9AC6-025CC90AAD17}.Release|x64.ActiveCfg = Release|x64
		{B2321C42-D822-4960-9AC6-025CC90AAD17}.Release|x64.Build.0 = Release|x64
		{B2321C42-D822-4960-9AC6-025CC90AAD17}.Release|x86.ActiveCfg = Release|Any CPU
		{B2321C42-D822-4960-9AC6-025CC90AAD17}.Release|x86.Build.0 = Release|Any CPU
		{0BA6418C-18DE-4070-9CB9-0AC1470A2643}.Debug|Any CPU.ActiveCfg = Debug|Any CPU
		{0BA6418C-18DE-4070-9CB9-0AC1470A2643}.Debug|Any CPU.Build.0 = Debug|Any CPU
		{0BA6418C-18DE-4070-9CB9-0AC1470A2643}.Debug|ARM.ActiveCfg = Debug|Any CPU
		{0BA6418C-18DE-4070-9CB9-0AC1470A2643}.Debug|ARM.Build.0 = Debug|Any CPU
		{0BA6418C-18DE-4070-9CB9-0AC1470A2643}.Debug|x64.ActiveCfg = Debug|Any CPU
		{0BA6418C-18DE-4070-9CB9-0AC1470A2643}.Debug|x64.Build.0 = Debug|Any CPU
		{0BA6418C-18DE-4070-9CB9-0AC1470A2643}.Debug|x86.ActiveCfg = Debug|Any CPU
		{0BA6418C-18DE-4070-9CB9-0AC1470A2643}.Debug|x86.Build.0 = Debug|Any CPU
		{0BA6418C-18DE-4070-9CB9-0AC1470A2643}.Release|Any CPU.ActiveCfg = Release|Any CPU
		{0BA6418C-18DE-4070-9CB9-0AC1470A2643}.Release|Any CPU.Build.0 = Release|Any CPU
		{0BA6418C-18DE-4070-9CB9-0AC1470A2643}.Release|ARM.ActiveCfg = Release|Any CPU
		{0BA6418C-18DE-4070-9CB9-0AC1470A2643}.Release|ARM.Build.0 = Release|Any CPU
		{0BA6418C-18DE-4070-9CB9-0AC1470A2643}.Release|x64.ActiveCfg = Release|Any CPU
		{0BA6418C-18DE-4070-9CB9-0AC1470A2643}.Release|x64.Build.0 = Release|Any CPU
		{0BA6418C-18DE-4070-9CB9-0AC1470A2643}.Release|x86.ActiveCfg = Release|Any CPU
		{0BA6418C-18DE-4070-9CB9-0AC1470A2643}.Release|x86.Build.0 = Release|Any CPU
		{8AECC36B-97D4-4671-A216-088A127814DA}.Debug|Any CPU.ActiveCfg = Debug|x86
		{8AECC36B-97D4-4671-A216-088A127814DA}.Debug|Any CPU.Build.0 = Debug|x86
		{8AECC36B-97D4-4671-A216-088A127814DA}.Debug|Any CPU.Deploy.0 = Debug|x86
		{8AECC36B-97D4-4671-A216-088A127814DA}.Debug|ARM.ActiveCfg = Debug|ARM
		{8AECC36B-97D4-4671-A216-088A127814DA}.Debug|ARM.Build.0 = Debug|ARM
		{8AECC36B-97D4-4671-A216-088A127814DA}.Debug|ARM.Deploy.0 = Debug|ARM
		{8AECC36B-97D4-4671-A216-088A127814DA}.Debug|x64.ActiveCfg = Debug|x64
		{8AECC36B-97D4-4671-A216-088A127814DA}.Debug|x64.Build.0 = Debug|x64
		{8AECC36B-97D4-4671-A216-088A127814DA}.Debug|x64.Deploy.0 = Debug|x64
		{8AECC36B-97D4-4671-A216-088A127814DA}.Debug|x86.ActiveCfg = Debug|x86
		{8AECC36B-97D4-4671-A216-088A127814DA}.Debug|x86.Build.0 = Debug|x86
		{8AECC36B-97D4-4671-A216-088A127814DA}.Debug|x86.Deploy.0 = Debug|x86
		{8AECC36B-97D4-4671-A216-088A127814DA}.Release|Any CPU.ActiveCfg = Release|x86
		{8AECC36B-97D4-4671-A216-088A127814DA}.Release|ARM.ActiveCfg = Release|ARM
		{8AECC36B-97D4-4671-A216-088A127814DA}.Release|ARM.Build.0 = Release|ARM
		{8AECC36B-97D4-4671-A216-088A127814DA}.Release|ARM.Deploy.0 = Release|ARM
		{8AECC36B-97D4-4671-A216-088A127814DA}.Release|x64.ActiveCfg = Release|x64
		{8AECC36B-97D4-4671-A216-088A127814DA}.Release|x64.Build.0 = Release|x64
		{8AECC36B-97D4-4671-A216-088A127814DA}.Release|x64.Deploy.0 = Release|x64
		{8AECC36B-97D4-4671-A216-088A127814DA}.Release|x86.ActiveCfg = Release|x86
		{8AECC36B-97D4-4671-A216-088A127814DA}.Release|x86.Build.0 = Release|x86
		{8AECC36B-97D4-4671-A216-088A127814DA}.Release|x86.Deploy.0 = Release|x86
		{5815C78A-B820-4494-96AF-A1A033753824}.Debug|Any CPU.ActiveCfg = Debug|Any CPU
		{5815C78A-B820-4494-96AF-A1A033753824}.Debug|Any CPU.Build.0 = Debug|Any CPU
		{5815C78A-B820-4494-96AF-A1A033753824}.Debug|ARM.ActiveCfg = Debug|ARM
		{5815C78A-B820-4494-96AF-A1A033753824}.Debug|ARM.Build.0 = Debug|ARM
		{5815C78A-B820-4494-96AF-A1A033753824}.Debug|x64.ActiveCfg = Debug|x64
		{5815C78A-B820-4494-96AF-A1A033753824}.Debug|x64.Build.0 = Debug|x64
		{5815C78A-B820-4494-96AF-A1A033753824}.Debug|x86.ActiveCfg = Debug|x86
		{5815C78A-B820-4494-96AF-A1A033753824}.Debug|x86.Build.0 = Debug|x86
		{5815C78A-B820-4494-96AF-A1A033753824}.Debug|x86.Deploy.0 = Debug|x86
		{5815C78A-B820-4494-96AF-A1A033753824}.Release|Any CPU.ActiveCfg = Release|Any CPU
		{5815C78A-B820-4494-96AF-A1A033753824}.Release|Any CPU.Build.0 = Release|Any CPU
		{5815C78A-B820-4494-96AF-A1A033753824}.Release|ARM.ActiveCfg = Release|ARM
		{5815C78A-B820-4494-96AF-A1A033753824}.Release|ARM.Build.0 = Release|ARM
		{5815C78A-B820-4494-96AF-A1A033753824}.Release|x64.ActiveCfg = Release|x64
		{5815C78A-B820-4494-96AF-A1A033753824}.Release|x64.Build.0 = Release|x64
		{5815C78A-B820-4494-96AF-A1A033753824}.Release|x86.ActiveCfg = Release|x86
		{5815C78A-B820-4494-96AF-A1A033753824}.Release|x86.Build.0 = Release|x86
		{8CF05B8D-73D2-4FFE-8C77-8208265A3D74}.Debug|Any CPU.ActiveCfg = Debug|Any CPU
		{8CF05B8D-73D2-4FFE-8C77-8208265A3D74}.Debug|Any CPU.Build.0 = Debug|Any CPU
		{8CF05B8D-73D2-4FFE-8C77-8208265A3D74}.Debug|ARM.ActiveCfg = Debug|Any CPU
		{8CF05B8D-73D2-4FFE-8C77-8208265A3D74}.Debug|ARM.Build.0 = Debug|Any CPU
		{8CF05B8D-73D2-4FFE-8C77-8208265A3D74}.Debug|x64.ActiveCfg = Debug|Any CPU
		{8CF05B8D-73D2-4FFE-8C77-8208265A3D74}.Debug|x64.Build.0 = Debug|Any CPU
		{8CF05B8D-73D2-4FFE-8C77-8208265A3D74}.Debug|x86.ActiveCfg = Debug|Any CPU
		{8CF05B8D-73D2-4FFE-8C77-8208265A3D74}.Debug|x86.Build.0 = Debug|Any CPU
		{8CF05B8D-73D2-4FFE-8C77-8208265A3D74}.Release|Any CPU.ActiveCfg = Release|Any CPU
		{8CF05B8D-73D2-4FFE-8C77-8208265A3D74}.Release|Any CPU.Build.0 = Release|Any CPU
		{8CF05B8D-73D2-4FFE-8C77-8208265A3D74}.Release|ARM.ActiveCfg = Release|Any CPU
		{8CF05B8D-73D2-4FFE-8C77-8208265A3D74}.Release|ARM.Build.0 = Release|Any CPU
		{8CF05B8D-73D2-4FFE-8C77-8208265A3D74}.Release|x64.ActiveCfg = Release|Any CPU
		{8CF05B8D-73D2-4FFE-8C77-8208265A3D74}.Release|x64.Build.0 = Release|Any CPU
		{8CF05B8D-73D2-4FFE-8C77-8208265A3D74}.Release|x86.ActiveCfg = Release|Any CPU
		{8CF05B8D-73D2-4FFE-8C77-8208265A3D74}.Release|x86.Build.0 = Release|Any CPU
		{731C27FF-E7B0-4B1A-A6AD-354F652B38C8}.Debug|Any CPU.ActiveCfg = Debug|Any CPU
		{731C27FF-E7B0-4B1A-A6AD-354F652B38C8}.Debug|Any CPU.Build.0 = Debug|Any CPU
		{731C27FF-E7B0-4B1A-A6AD-354F652B38C8}.Debug|ARM.ActiveCfg = Debug|Any CPU
		{731C27FF-E7B0-4B1A-A6AD-354F652B38C8}.Debug|ARM.Build.0 = Debug|Any CPU
		{731C27FF-E7B0-4B1A-A6AD-354F652B38C8}.Debug|x64.ActiveCfg = Debug|Any CPU
		{731C27FF-E7B0-4B1A-A6AD-354F652B38C8}.Debug|x64.Build.0 = Debug|Any CPU
		{731C27FF-E7B0-4B1A-A6AD-354F652B38C8}.Debug|x86.ActiveCfg = Debug|Any CPU
		{731C27FF-E7B0-4B1A-A6AD-354F652B38C8}.Debug|x86.Build.0 = Debug|Any CPU
		{731C27FF-E7B0-4B1A-A6AD-354F652B38C8}.Release|Any CPU.ActiveCfg = Release|Any CPU
		{731C27FF-E7B0-4B1A-A6AD-354F652B38C8}.Release|Any CPU.Build.0 = Release|Any CPU
		{731C27FF-E7B0-4B1A-A6AD-354F652B38C8}.Release|ARM.ActiveCfg = Release|Any CPU
		{731C27FF-E7B0-4B1A-A6AD-354F652B38C8}.Release|ARM.Build.0 = Release|Any CPU
		{731C27FF-E7B0-4B1A-A6AD-354F652B38C8}.Release|x64.ActiveCfg = Release|Any CPU
		{731C27FF-E7B0-4B1A-A6AD-354F652B38C8}.Release|x64.Build.0 = Release|Any CPU
		{731C27FF-E7B0-4B1A-A6AD-354F652B38C8}.Release|x86.ActiveCfg = Release|Any CPU
		{731C27FF-E7B0-4B1A-A6AD-354F652B38C8}.Release|x86.Build.0 = Release|Any CPU
		{07FB75D7-4D28-40E2-8BF3-1EE497C2DD2A}.Debug|Any CPU.ActiveCfg = Debug|Any CPU
		{07FB75D7-4D28-40E2-8BF3-1EE497C2DD2A}.Debug|Any CPU.Build.0 = Debug|Any CPU
		{07FB75D7-4D28-40E2-8BF3-1EE497C2DD2A}.Debug|ARM.ActiveCfg = Debug|Any CPU
		{07FB75D7-4D28-40E2-8BF3-1EE497C2DD2A}.Debug|ARM.Build.0 = Debug|Any CPU
		{07FB75D7-4D28-40E2-8BF3-1EE497C2DD2A}.Debug|x64.ActiveCfg = Debug|Any CPU
		{07FB75D7-4D28-40E2-8BF3-1EE497C2DD2A}.Debug|x64.Build.0 = Debug|Any CPU
		{07FB75D7-4D28-40E2-8BF3-1EE497C2DD2A}.Debug|x86.ActiveCfg = Debug|Any CPU
		{07FB75D7-4D28-40E2-8BF3-1EE497C2DD2A}.Debug|x86.Build.0 = Debug|Any CPU
		{07FB75D7-4D28-40E2-8BF3-1EE497C2DD2A}.Release|Any CPU.ActiveCfg = Release|Any CPU
		{07FB75D7-4D28-40E2-8BF3-1EE497C2DD2A}.Release|Any CPU.Build.0 = Release|Any CPU
		{07FB75D7-4D28-40E2-8BF3-1EE497C2DD2A}.Release|ARM.ActiveCfg = Release|Any CPU
		{07FB75D7-4D28-40E2-8BF3-1EE497C2DD2A}.Release|ARM.Build.0 = Release|Any CPU
		{07FB75D7-4D28-40E2-8BF3-1EE497C2DD2A}.Release|x64.ActiveCfg = Release|Any CPU
		{07FB75D7-4D28-40E2-8BF3-1EE497C2DD2A}.Release|x64.Build.0 = Release|Any CPU
		{07FB75D7-4D28-40E2-8BF3-1EE497C2DD2A}.Release|x86.ActiveCfg = Release|Any CPU
		{07FB75D7-4D28-40E2-8BF3-1EE497C2DD2A}.Release|x86.Build.0 = Release|Any CPU
		{A68803D0-E5D9-4C0A-B967-07015D465192}.Debug|Any CPU.ActiveCfg = Debug|x86
		{A68803D0-E5D9-4C0A-B967-07015D465192}.Debug|ARM.ActiveCfg = Debug|ARM
		{A68803D0-E5D9-4C0A-B967-07015D465192}.Debug|ARM.Build.0 = Debug|ARM
		{A68803D0-E5D9-4C0A-B967-07015D465192}.Debug|ARM.Deploy.0 = Debug|ARM
		{A68803D0-E5D9-4C0A-B967-07015D465192}.Debug|x64.ActiveCfg = Debug|x64
		{A68803D0-E5D9-4C0A-B967-07015D465192}.Debug|x64.Build.0 = Debug|x64
		{A68803D0-E5D9-4C0A-B967-07015D465192}.Debug|x64.Deploy.0 = Debug|x64
		{A68803D0-E5D9-4C0A-B967-07015D465192}.Debug|x86.ActiveCfg = Debug|x86
		{A68803D0-E5D9-4C0A-B967-07015D465192}.Debug|x86.Build.0 = Debug|x86
		{A68803D0-E5D9-4C0A-B967-07015D465192}.Debug|x86.Deploy.0 = Debug|x86
		{A68803D0-E5D9-4C0A-B967-07015D465192}.Release|Any CPU.ActiveCfg = Release|x86
		{A68803D0-E5D9-4C0A-B967-07015D465192}.Release|ARM.ActiveCfg = Release|ARM
		{A68803D0-E5D9-4C0A-B967-07015D465192}.Release|ARM.Build.0 = Release|ARM
		{A68803D0-E5D9-4C0A-B967-07015D465192}.Release|ARM.Deploy.0 = Release|ARM
		{A68803D0-E5D9-4C0A-B967-07015D465192}.Release|x64.ActiveCfg = Release|x64
		{A68803D0-E5D9-4C0A-B967-07015D465192}.Release|x64.Build.0 = Release|x64
		{A68803D0-E5D9-4C0A-B967-07015D465192}.Release|x64.Deploy.0 = Release|x64
		{A68803D0-E5D9-4C0A-B967-07015D465192}.Release|x86.ActiveCfg = Release|x86
		{A68803D0-E5D9-4C0A-B967-07015D465192}.Release|x86.Build.0 = Release|x86
		{A68803D0-E5D9-4C0A-B967-07015D465192}.Release|x86.Deploy.0 = Release|x86
	EndGlobalSection
	GlobalSection(SolutionProperties) = preSolution
		HideSolutionNode = FALSE
	EndGlobalSection
	GlobalSection(NestedProjects) = preSolution
		{BB87CAE1-5C9E-47AF-8C2D-E18D1A4F274B} = {32647048-F3E1-416F-A975-C989520282D9}
		{B2321C42-D822-4960-9AC6-025CC90AAD17} = {32647048-F3E1-416F-A975-C989520282D9}
		{0BA6418C-18DE-4070-9CB9-0AC1470A2643} = {32647048-F3E1-416F-A975-C989520282D9}
		{8AECC36B-97D4-4671-A216-088A127814DA} = {18D9F996-ED01-420A-B3AE-890C6ACF9FFC}
		{5815C78A-B820-4494-96AF-A1A033753824} = {18D9F996-ED01-420A-B3AE-890C6ACF9FFC}
		{8CF05B8D-73D2-4FFE-8C77-8208265A3D74} = {18D9F996-ED01-420A-B3AE-890C6ACF9FFC}
		{731C27FF-E7B0-4B1A-A6AD-354F652B38C8} = {7650F8D6-78AC-491E-BF04-1B1C9472CC22}
		{07FB75D7-4D28-40E2-8BF3-1EE497C2DD2A} = {7650F8D6-78AC-491E-BF04-1B1C9472CC22}
		{A68803D0-E5D9-4C0A-B967-07015D465192} = {18D9F996-ED01-420A-B3AE-890C6ACF9FFC}
	EndGlobalSection
EndGlobal
